
Microsoft Visual Studio Solution File, Format Version 12.00
# Visual Studio Version 16
VisualStudioVersion = 16.0.30011.22
MinimumVisualStudioVersion = 10.0.40219.1
Project("{FAE04EC0-301F-11D3-BF4B-00C04F79EFBC}") = "CatalogoCervezas", "CatalogoCervezas\CatalogoCervezas.csproj", "{5F0C0A64-A537-430E-8A9C-5D91A92ED782}"
EndProject
Project("{FAE04EC0-301F-11D3-BF4B-00C04F79EFBC}") = "Dominio", "Dominio\Dominio.csproj", "{413DC137-CDE4-42BF-88EB-22897974C57B}"
EndProject
Project("{FAE04EC0-301F-11D3-BF4B-00C04F79EFBC}") = "Negocio", "Negocio\Negocio.csproj", "{78CD0648-21D5-43C4-8750-CA3F9FF4353A}"
EndProject
Global
	GlobalSection(SolutionConfigurationPlatforms) = preSolution
		Debug|Any CPU = Debug|Any CPU
		Release|Any CPU = Release|Any CPU
	EndGlobalSection
	GlobalSection(ProjectConfigurationPlatforms) = postSolution
		{5F0C0A64-A537-430E-8A9C-5D91A92ED782}.Debug|Any CPU.ActiveCfg = Debug|Any CPU
		{5F0C0A64-A537-430E-8A9C-5D91A92ED782}.Debug|Any CPU.Build.0 = Debug|Any CPU
		{5F0C0A64-A537-430E-8A9C-5D91A92ED782}.Release|Any CPU.ActiveCfg = Release|Any CPU
		{5F0C0A64-A537-430E-8A9C-5D91A92ED782}.Release|Any CPU.Build.0 = Release|Any CPU
		{413DC137-CDE4-42BF-88EB-22897974C57B}.Debug|Any CPU.ActiveCfg = Debug|Any CPU
		{413DC137-CDE4-42BF-88EB-22897974C57B}.Debug|Any CPU.Build.0 = Debug|Any CPU
		{413DC137-CDE4-42BF-88EB-22897974C57B}.Release|Any CPU.ActiveCfg = Release|Any CPU
		{413DC137-CDE4-42BF-88EB-22897974C57B}.Release|Any CPU.Build.0 = Release|Any CPU
		{78CD0648-21D5-43C4-8750-CA3F9FF4353A}.Debug|Any CPU.ActiveCfg = Debug|Any CPU
		{78CD0648-21D5-43C4-8750-CA3F9FF4353A}.Debug|Any CPU.Build.0 = Debug|Any CPU
		{78CD0648-21D5-43C4-8750-CA3F9FF4353A}.Release|Any CPU.ActiveCfg = Release|Any CPU
		{78CD0648-21D5-43C4-8750-CA3F9FF4353A}.Release|Any CPU.Build.0 = Release|Any CPU
	EndGlobalSection
	GlobalSection(SolutionProperties) = preSolution
		HideSolutionNode = FALSE
	EndGlobalSection
	GlobalSection(ExtensibilityGlobals) = postSolution
		SolutionGuid = {D88AE357-DC9F-4958-BD2A-7AC5CEAA926C}
	EndGlobalSection
EndGlobal
